
Microsoft Visual Studio Solution File, Format Version 12.00
# Visual Studio 2012
Project("{FAE04EC0-301F-11D3-BF4B-00C04F79EFBC}") = "pruebaControlAcceso", "pruebaControlAcceso\pruebaControlAcceso.csproj", "{05A483C6-EF76-40A5-A24B-D4440FB190DE}"
EndProject
Project("{FAE04EC0-301F-11D3-BF4B-00C04F79EFBC}") = "ControlAcceso", "ControlAcceso\ControlAcceso.csproj", "{A3658D08-D7EC-46D6-948E-287675A8900F}"
EndProject
Project("{FAE04EC0-301F-11D3-BF4B-00C04F79EFBC}") = "ControlAccesoWindowsForm", "ControlAccesoWindowsForm\ControlAccesoWindowsForm.csproj", "{0CB1DCDB-E10B-4218-BB03-1681625BCD6D}"
EndProject
Global
	GlobalSection(SolutionConfigurationPlatforms) = preSolution
		Debug|Any CPU = Debug|Any CPU
		Debug|ARM = Debug|ARM
		Debug|x64 = Debug|x64
		Debug|x86 = Debug|x86
		Release|Any CPU = Release|Any CPU
		Release|ARM = Release|ARM
		Release|x64 = Release|x64
		Release|x86 = Release|x86
	EndGlobalSection
	GlobalSection(ProjectConfigurationPlatforms) = postSolution
		{05A483C6-EF76-40A5-A24B-D4440FB190DE}.Debug|Any CPU.ActiveCfg = Debug|Any CPU
		{05A483C6-EF76-40A5-A24B-D4440FB190DE}.Debug|Any CPU.Build.0 = Debug|Any CPU
		{05A483C6-EF76-40A5-A24B-D4440FB190DE}.Debug|ARM.ActiveCfg = Debug|Any CPU
		{05A483C6-EF76-40A5-A24B-D4440FB190DE}.Debug|x64.ActiveCfg = Debug|Any CPU
		{05A483C6-EF76-40A5-A24B-D4440FB190DE}.Debug|x86.ActiveCfg = Debug|Any CPU
		{05A483C6-EF76-40A5-A24B-D4440FB190DE}.Release|Any CPU.ActiveCfg = Release|Any CPU
		{05A483C6-EF76-40A5-A24B-D4440FB190DE}.Release|Any CPU.Build.0 = Release|Any CPU
		{05A483C6-EF76-40A5-A24B-D4440FB190DE}.Release|ARM.ActiveCfg = Release|Any CPU
		{05A483C6-EF76-40A5-A24B-D4440FB190DE}.Release|x64.ActiveCfg = Release|Any CPU
		{05A483C6-EF76-40A5-A24B-D4440FB190DE}.Release|x86.ActiveCfg = Release|Any CPU
		{A3658D08-D7EC-46D6-948E-287675A8900F}.Debug|Any CPU.ActiveCfg = Debug|Any CPU
		{A3658D08-D7EC-46D6-948E-287675A8900F}.Debug|Any CPU.Build.0 = Debug|Any CPU
		{A3658D08-D7EC-46D6-948E-287675A8900F}.Debug|ARM.ActiveCfg = Debug|Any CPU
		{A3658D08-D7EC-46D6-948E-287675A8900F}.Debug|x64.ActiveCfg = Debug|Any CPU
		{A3658D08-D7EC-46D6-948E-287675A8900F}.Debug|x86.ActiveCfg = Debug|Any CPU
		{A3658D08-D7EC-46D6-948E-287675A8900F}.Release|Any CPU.ActiveCfg = Release|Any CPU
		{A3658D08-D7EC-46D6-948E-287675A8900F}.Release|Any CPU.Build.0 = Release|Any CPU
		{A3658D08-D7EC-46D6-948E-287675A8900F}.Release|ARM.ActiveCfg = Release|Any CPU
		{A3658D08-D7EC-46D6-948E-287675A8900F}.Release|x64.ActiveCfg = Release|Any CPU
		{A3658D08-D7EC-46D6-948E-287675A8900F}.Release|x86.ActiveCfg = Release|Any CPU
		{0CB1DCDB-E10B-4218-BB03-1681625BCD6D}.Debug|Any CPU.ActiveCfg = Debug|Any CPU
		{0CB1DCDB-E10B-4218-BB03-1681625BCD6D}.Debug|Any CPU.Build.0 = Debug|Any CPU
		{0CB1DCDB-E10B-4218-BB03-1681625BCD6D}.Debug|ARM.ActiveCfg = Debug|Any CPU
		{0CB1DCDB-E10B-4218-BB03-1681625BCD6D}.Debug|x64.ActiveCfg = Debug|Any CPU
		{0CB1DCDB-E10B-4218-BB03-1681625BCD6D}.Debug|x86.ActiveCfg = Debug|Any CPU
		{0CB1DCDB-E10B-4218-BB03-1681625BCD6D}.Release|Any CPU.ActiveCfg = Release|Any CPU
		{0CB1DCDB-E10B-4218-BB03-1681625BCD6D}.Release|Any CPU.Build.0 = Release|Any CPU
		{0CB1DCDB-E10B-4218-BB03-1681625BCD6D}.Release|ARM.ActiveCfg = Release|Any CPU
		{0CB1DCDB-E10B-4218-BB03-1681625BCD6D}.Release|x64.ActiveCfg = Release|Any CPU
		{0CB1DCDB-E10B-4218-BB03-1681625BCD6D}.Release|x86.ActiveCfg = Release|Any CPU
	EndGlobalSection
	GlobalSection(SolutionProperties) = preSolution
		HideSolutionNode = FALSE
	EndGlobalSection
EndGlobal
